// !$*UTF8*$!
{
	archiveVersion = 1;
	classes = {
	};
	objectVersion = 46;
	objects = {

/* Begin PBXBuildFile section */
		001C48FB1D1058F2007BF4BB /* AppDelegate.swift in Sources */ = {isa = PBXBuildFile; fileRef = 001C48FA1D1058F2007BF4BB /* AppDelegate.swift */; };
		001C48FD1D1058F2007BF4BB /* ViewController.swift in Sources */ = {isa = PBXBuildFile; fileRef = 001C48FC1D1058F2007BF4BB /* ViewController.swift */; };
		001C49001D1058F2007BF4BB /* Main.storyboard in Resources */ = {isa = PBXBuildFile; fileRef = 001C48FE1D1058F2007BF4BB /* Main.storyboard */; };
		001C49021D1058F2007BF4BB /* Assets.xcassets in Resources */ = {isa = PBXBuildFile; fileRef = 001C49011D1058F2007BF4BB /* Assets.xcassets */; };
		001C49051D1058F2007BF4BB /* LaunchScreen.storyboard in Resources */ = {isa = PBXBuildFile; fileRef = 001C49031D1058F2007BF4BB /* LaunchScreen.storyboard */; };
/* End PBXBuildFile section */

/* Begin PBXFileReference section */
		001C48F71D1058F2007BF4BB /* Alcolator.app */ = {isa = PBXFileReference; explicitFileType = wrapper.application; includeInIndex = 0; path = Alcolator.app; sourceTree = BUILT_PRODUCTS_DIR; };
		001C48FA1D1058F2007BF4BB /* AppDelegate.swift */ = {isa = PBXFileReference; lastKnownFileType = sourcecode.swift; path = AppDelegate.swift; sourceTree = "<group>"; };
		001C48FC1D1058F2007BF4BB /* ViewController.swift */ = {isa = PBXFileReference; lastKnownFileType = sourcecode.swift; path = ViewController.swift; sourceTree = "<group>"; };
		001C48FF1D1058F2007BF4BB /* Base */ = {isa = PBXFileReference; lastKnownFileType = file.storyboard; name = Base; path = Base.lproj/Main.storyboard; sourceTree = "<group>"; };
		001C49011D1058F2007BF4BB /* Assets.xcassets */ = {isa = PBXFileReference; lastKnownFileType = folder.assetcatalog; path = Assets.xcassets; sourceTree = "<group>"; };
		001C49041D1058F2007BF4BB /* Base */ = {isa = PBXFileReference; lastKnownFileType = file.storyboard; name = Base; path = Base.lproj/LaunchScreen.storyboard; sourceTree = "<group>"; };
		001C49061D1058F2007BF4BB /* Info.plist */ = {isa = PBXFileReference; lastKnownFileType = text.plist.xml; path = Info.plist; sourceTree = "<group>"; };
/* End PBXFileReference section */

/* Begin PBXFrameworksBuildPhase section */
		001C48F41D1058F2007BF4BB /* Frameworks */ = {
			isa = PBXFrameworksBuildPhase;
			buildActionMask = 2147483647;
			files = (
			);
			runOnlyForDeploymentPostprocessing = 0;
		};
/* End PBXFrameworksBuildPhase section */

/* Begin PBXGroup section */
		001C48EE1D1058F2007BF4BB = {
			isa = PBXGroup;
			children = (
				001C48F91D1058F2007BF4BB /* Alcolator */,
				001C48F81D1058F2007BF4BB /* Products */,
			);
			sourceTree = "<group>";
		};
		001C48F81D1058F2007BF4BB /* Products */ = {
			isa = PBXGroup;
			children = (
				001C48F71D1058F2007BF4BB /* Alcolator.app */,
			);
			name = Products;
			sourceTree = "<group>";
		};
		001C48F91D1058F2007BF4BB /* Alcolator */ = {
			isa = PBXGroup;
			children = (
				001C48FA1D1058F2007BF4BB /* AppDelegate.swift */,
				001C48FC1D1058F2007BF4BB /* ViewController.swift */,
				001C48FE1D1058F2007BF4BB /* Main.storyboard */,
				001C49011D1058F2007BF4BB /* Assets.xcassets */,
				001C49031D1058F2007BF4BB /* LaunchScreen.storyboard */,
				001C49061D1058F2007BF4BB /* Info.plist */,
			);
			path = Alcolator;
			sourceTree = "<group>";
		};
/* End PBXGroup section */

/* Begin PBXNativeTarget section */
		001C48F61D1058F2007BF4BB /* Alcolator */ = {
			isa = PBXNativeTarget;
			buildConfigurationList = 001C49091D1058F2007BF4BB /* Build configuration list for PBXNativeTarget "Alcolator" */;
			buildPhases = (
				001C48F31D1058F2007BF4BB /* Sources */,
				001C48F41D1058F2007BF4BB /* Frameworks */,
				001C48F51D1058F2007BF4BB /* Resources */,
			);
			buildRules = (
			);
			dependencies = (
			);
			name = Alcolator;
			productName = Alcolator;
			productReference = 001C48F71D1058F2007BF4BB /* Alcolator.app */;
			productType = "com.apple.product-type.application";
		};
/* End PBXNativeTarget section */

/* Begin PBXProject section */
		001C48EF1D1058F2007BF4BB /* Project object */ = {
			isa = PBXProject;
			attributes = {
				LastSwiftUpdateCheck = 0730;
				LastUpgradeCheck = 0730;
				ORGANIZATIONNAME = "Reed Mangino";
				TargetAttributes = {
					001C48F61D1058F2007BF4BB = {
						CreatedOnToolsVersion = 7.3.1;
					};
				};
			};
			buildConfigurationList = 001C48F21D1058F2007BF4BB /* Build configuration list for PBXProject "Alcolator" */;
			compatibilityVersion = "Xcode 3.2";
			developmentRegion = English;
			hasScannedForEncodings = 0;
			knownRegions = (
				en,
				Base,
			);
			mainGroup = 001C48EE1D1058F2007BF4BB;
			productRefGroup = 001C48F81D1058F2007BF4BB /* Products */;
			projectDirPath = "";
			projectRoot = "";
			targets = (
				001C48F61D1058F2007BF4BB /* Alcolator */,
			);
		};
/* End PBXProject section */

/* Begin PBXResourcesBuildPhase section */
		001C48F51D1058F2007BF4BB /* Resources */ = {
			isa = PBXResourcesBuildPhase;
			buildActionMask = 2147483647;
			files = (
				001C49051D1058F2007BF4BB /* LaunchScreen.storyboard in Resources */,
				001C49021D1058F2007BF4BB /* Assets.xcassets in Resources */,
				001C49001D1058F2007BF4BB /* Main.storyboard in Resources */,
			);
			runOnlyForDeploymentPostprocessing = 0;
		};
/* End PBXResourcesBuildPhase section */

/* Begin PBXSourcesBuildPhase section */
		001C48F31D1058F2007BF4BB /* Sources */ = {
			isa = PBXSourcesBuildPhase;
			buildActionMask = 2147483647;
			files = (
				001C48FD1D1058F2007BF4BB /* ViewController.swift in Sources */,
				001C48FB1D1058F2007BF4BB /* AppDelegate.swift in Sources */,
			);
			runOnlyForDeploymentPostprocessing = 0;
		};
/* End PBXSourcesBuildPhase section */

/* Begin PBXVariantGroup section */
		001C48FE1D1058F2007BF4BB /* Main.storyboard */ = {
			isa = PBXVariantGroup;
			children = (
				001C48FF1D1058F2007BF4BB /* Base */,
			);
			name = Main.storyboard;
			sourceTree = "<group>";
		};
		001C49031D1058F2007BF4BB /* LaunchScreen.storyboard */ = {
			isa = PBXVariantGroup;
			children = (
				001C49041D1058F2007BF4BB /* Base */,
			);
			name = LaunchScreen.storyboard;
			sourceTree = "<group>";
		};
/* End PBXVariantGroup section */

/* Begin XCBuildConfiguration section */
		001C49071D1058F2007BF4BB /* Debug */ = {
			isa = XCBuildConfiguration;
			buildSettings = {
				ALWAYS_SEARCH_USER_PATHS = NO;
				CLANG_ANALYZER_NONNULL = YES;
				CLANG_CXX_LANGUAGE_STANDARD = "gnu++0x";
				CLANG_CXX_LIBRARY = "libc++";
				CLANG_ENABLE_MODULES = YES;
				CLANG_ENABLE_OBJC_ARC = YES;
				CLANG_WARN_BOOL_CONVERSION = YES;
				CLANG_WARN_CONSTANT_CONVERSION = YES;
				CLANG_WARN_DIRECT_OBJC_ISA_USAGE = YES_ERROR;
				CLANG_WARN_EMPTY_BODY = YES;
				CLANG_WARN_ENUM_CONVERSION = YES;
				CLANG_WARN_INT_CONVERSION = YES;
				CLANG_WARN_OBJC_ROOT_CLASS = YES_ERROR;
				CLANG_WARN_UNREACHABLE_CODE = YES;
				CLANG_WARN__DUPLICATE_METHOD_MATCH = YES;
				"CODE_SIGN_IDENTITY[sdk=iphoneos*]" = "iPhone Developer";
				COPY_PHASE_STRIP = NO;
				DEBUG_INFORMATION_FORMAT = dwarf;
				ENABLE_STRICT_OBJC_MSGSEND = YES;
				ENABLE_TESTABILITY = YES;
				GCC_C_LANGUAGE_STANDARD = gnu99;
				GCC_DYNAMIC_NO_PIC = NO;
				GCC_NO_COMMON_BLOCKS = YES;
				GCC_OPTIMIZATION_LEVEL = 0;
				GCC_PREPROCESSOR_DEFINITIONS = (
					"DEBUG=1",
					"$(inherited)",
				);
				GCC_WARN_64_TO_32_BIT_CONVERSION = YES;
				GCC_WARN_ABOUT_RETURN_TYPE = YES_ERROR;
				GCC_WARN_UNDECLARED_SELECTOR = YES;
				GCC_WARN_UNINITIALIZED_AUTOS = YES_AGGRESSIVE;
				GCC_WARN_UNUSED_FUNCTION = YES;
				GCC_WARN_UNUSED_VARIABLE = YES;
				IPHONEOS_DEPLOYMENT_TARGET = 9.3;
				MTL_ENABLE_DEBUG_INFO = YES;
				ONLY_ACTIVE_ARCH = YES;
				SDKROOT = iphoneos;
				SWIFT_OPTIMIZATION_LEVEL = "-Onone";
				TARGETED_DEVICE_FAMILY = "1,2";
			};
			name = Debug;
		};
		001C49081D1058F2007BF4BB /* Release */ = {
			isa = XCBuildConfiguration;
			buildSettings = {
				ALWAYS_SEARCH_USER_PATHS = NO;
				CLANG_ANALYZER_NONNULL = YES;
				CLANG_CXX_LANGUAGE_STANDARD = "gnu++0x";
				CLANG_CXX_LIBRARY = "libc++";
				CLANG_ENABLE_MODULES = YES;
				CLANG_ENABLE_OBJC_ARC = YES;
				CLANG_WARN_BOOL_CONVERSION = YES;
				CLANG_WARN_CONSTANT_CONVERSION = YES;
				CLANG_WARN_DIRECT_OBJC_ISA_USAGE = YES_ERROR;
				CLANG_WARN_EMPTY_BODY = YES;
				CLANG_WARN_ENUM_CONVERSION = YES;
				CLANG_WARN_INT_CONVERSION = YES;
				CLANG_WARN_OBJC_ROOT_CLASS = YES_ERROR;
				CLANG_WARN_UNREACHABLE_CODE = YES;
				CLANG_WARN__DUPLICATE_METHOD_MATCH = YES;
				"CODE_SIGN_IDENTITY[sdk=iphoneos*]" = "iPhone Developer";
				COPY_PHASE_STRIP = NO;
				DEBUG_INFORMATION_FORMAT = "dwarf-with-dsym";
				ENABLE_NS_ASSERTIONS = NO;
				ENABLE_STRICT_OBJC_MSGSEND = YES;
				GCC_C_LANGUAGE_STANDARD = gnu99;
				GCC_NO_COMMON_BLOCKS = YES;
				GCC_WARN_64_TO_32_BIT_CONVERSION = YES;
				GCC_WARN_ABOUT_RETURN_TYPE = YES_ERROR;
				GCC_WARN_UNDECLARED_SELECTOR = YES;
				GCC_WARN_UNINITIALIZED_AUTOS = YES_AGGRESSIVE;
				GCC_WARN_UNUSED_FUNCTION = YES;
				GCC_WARN_UNUSED_VARIABLE = YES;
				IPHONEOS_DEPLOYMENT_TARGET = 9.3;
				MTL_ENABLE_DEBUG_INFO = NO;
				SDKROOT = iphoneos;
				TARGETED_DEVICE_FAMILY = "1,2";
				VALIDATE_PRODUCT = YES;
			};
			name = Release;
		};
		001C490A1D1058F2007BF4BB /* Debug */ = {
			isa = XCBuildConfiguration;
			buildSettings = {
				ASSETCATALOG_COMPILER_APPICON_NAME = AppIcon;
				INFOPLIST_FILE = Alcolator/Info.plist;
				LD_RUNPATH_SEARCH_PATHS = "$(inherited) @executable_path/Frameworks";
				PRODUCT_BUNDLE_IDENTIFIER = com.themanginos.Alcolator;
				PRODUCT_NAME = "$(TARGET_NAME)";
			};
			name = Debug;
		};
		001C490B1D1058F2007BF4BB /* Release */ = {
			isa = XCBuildConfiguration;
			buildSettings = {
				ASSETCATALOG_COMPILER_APPICON_NAME = AppIcon;
				INFOPLIST_FILE = Alcolator/Info.plist;
				LD_RUNPATH_SEARCH_PATHS = "$(inherited) @executable_path/Frameworks";
				PRODUCT_BUNDLE_IDENTIFIER = com.themanginos.Alcolator;
				PRODUCT_NAME = "$(TARGET_NAME)";
			};
			name = Release;
		};
/* End XCBuildConfiguration section */

/* Begin XCConfigurationList section */
		001C48F21D1058F2007BF4BB /* Build configuration list for PBXProject "Alcolator" */ = {
			isa = XCConfigurationList;
			buildConfigurations = (
				001C49071D1058F2007BF4BB /* Debug */,
				001C49081D1058F2007BF4BB /* Release */,
			);
			defaultConfigurationIsVisible = 0;
			defaultConfigurationName = Release;
		};
		001C49091D1058F2007BF4BB /* Build configuration list for PBXNativeTarget "Alcolator" */ = {
			isa = XCConfigurationList;
			buildConfigurations = (
				001C490A1D1058F2007BF4BB /* Debug */,
				001C490B1D1058F2007BF4BB /* Release */,
			);
			defaultConfigurationIsVisible = 0;
		};
/* End XCConfigurationList section */
	};
	rootObject = 001C48EF1D1058F2007BF4BB /* Project object */;
}
